
Microsoft Visual Studio Solution File, Format Version 12.00
# Visual Studio 15
Project("{FAE04EC0-301F-11D3-BF4B-00C04F79EFBC}") = "CW.Common", "CW.Common.csproj", "{9FC868C5-B2D1-85D0-26CA-52C9029A517C}"
EndProject
Project("{FAE04EC0-301F-11D3-BF4B-00C04F79EFBC}") = "LeanTouch", "LeanTouch.csproj", "{3A0A4D20-A90F-F187-A980-8D5270DB7933}"
EndProject
Project("{FAE04EC0-301F-11D3-BF4B-00C04F79EFBC}") = "LeanCommon", "LeanCommon.csproj", "{636B2A3A-5BB6-300D-AB38-CCEDC30F74E2}"
EndProject
Project("{FAE04EC0-301F-11D3-BF4B-00C04F79EFBC}") = "Assembly-CSharp", "Assembly-CSharp.csproj", "{32B93670-C8BC-3F10-96C9-C4C30DBD1F70}"
EndProject
Project("{FAE04EC0-301F-11D3-BF4B-00C04F79EFBC}") = "Assembly-CSharp-Editor", "Assembly-CSharp-Editor.csproj", "{B545E731-EB04-7970-79EA-20756724AB3A}"
EndProject
Global
	GlobalSection(SolutionConfigurationPlatforms) = preSolution
		Debug|Any CPU = Debug|Any CPU
		Release|Any CPU = Release|Any CPU
	EndGlobalSection
	GlobalSection(ProjectConfigurationPlatforms) = postSolution
		{9FC868C5-B2D1-85D0-26CA-52C9029A517C}.Debug|Any CPU.ActiveCfg = Debug|Any CPU
		{9FC868C5-B2D1-85D0-26CA-52C9029A517C}.Debug|Any CPU.Build.0 = Debug|Any CPU
		{9FC868C5-B2D1-85D0-26CA-52C9029A517C}.Release|Any CPU.ActiveCfg = Release|Any CPU
		{9FC868C5-B2D1-85D0-26CA-52C9029A517C}.Release|Any CPU.Build.0 = Release|Any CPU
		{3A0A4D20-A90F-F187-A980-8D5270DB7933}.Debug|Any CPU.ActiveCfg = Debug|Any CPU
		{3A0A4D20-A90F-F187-A980-8D5270DB7933}.Debug|Any CPU.Build.0 = Debug|Any CPU
		{3A0A4D20-A90F-F187-A980-8D5270DB7933}.Release|Any CPU.ActiveCfg = Release|Any CPU
		{3A0A4D20-A90F-F187-A980-8D5270DB7933}.Release|Any CPU.Build.0 = Release|Any CPU
		{636B2A3A-5BB6-300D-AB38-CCEDC30F74E2}.Debug|Any CPU.ActiveCfg = Debug|Any CPU
		{636B2A3A-5BB6-300D-AB38-CCEDC30F74E2}.Debug|Any CPU.Build.0 = Debug|Any CPU
		{636B2A3A-5BB6-300D-AB38-CCEDC30F74E2}.Release|Any CPU.ActiveCfg = Release|Any CPU
		{636B2A3A-5BB6-300D-AB38-CCEDC30F74E2}.Release|Any CPU.Build.0 = Release|Any CPU
		{32B93670-C8BC-3F10-96C9-C4C30DBD1F70}.Debug|Any CPU.ActiveCfg = Debug|Any CPU
		{32B93670-C8BC-3F10-96C9-C4C30DBD1F70}.Debug|Any CPU.Build.0 = Debug|Any CPU
		{32B93670-C8BC-3F10-96C9-C4C30DBD1F70}.Release|Any CPU.ActiveCfg = Release|Any CPU
		{32B93670-C8BC-3F10-96C9-C4C30DBD1F70}.Release|Any CPU.Build.0 = Release|Any CPU
		{B545E731-EB04-7970-79EA-20756724AB3A}.Debug|Any CPU.ActiveCfg = Debug|Any CPU
		{B545E731-EB04-7970-79EA-20756724AB3A}.Debug|Any CPU.Build.0 = Debug|Any CPU
		{B545E731-EB04-7970-79EA-20756724AB3A}.Release|Any CPU.ActiveCfg = Release|Any CPU
		{B545E731-EB04-7970-79EA-20756724AB3A}.Release|Any CPU.Build.0 = Release|Any CPU
	EndGlobalSection
	GlobalSection(SolutionProperties) = preSolution
		HideSolutionNode = FALSE
	EndGlobalSection
EndGlobal
